
Microsoft Visual Studio Solution File, Format Version 12.00
# Visual Studio Version 16
VisualStudioVersion = 16.0.29728.190
MinimumVisualStudioVersion = 10.0.40219.1
Project("{8BC9CEB8-8B4A-11D0-8D11-00A0C91BC942}") = "Projects", "Projects\Projects.vcxproj", "{EDB292D7-7F69-4747-A4B0-02D994D7896F}"
EndProject
Project("{8BC9CEB8-8B4A-11D0-8D11-00A0C91BC942}") = "FlyHigh", "FlyHigh\FlyHigh.vcxproj", "{C3C831BD-F8C3-4313-A1A3-85DEBF7E9F89}"
EndProject
Global
	GlobalSection(SolutionConfigurationPlatforms) = preSolution
		Debug|x64 = Debug|x64
		Release|x64 = Release|x64
	EndGlobalSection
	GlobalSection(ProjectConfigurationPlatforms) = postSolution
		{C3C831BD-F8C3-4313-A1A3-85DEBF7E9F89}.Debug|x64.ActiveCfg = Debug|x64
		{C3C831BD-F8C3-4313-A1A3-85DEBF7E9F89}.Debug|x64.Build.0 = Debug|x64
		{C3C831BD-F8C3-4313-A1A3-85DEBF7E9F89}.Release|x64.ActiveCfg = Release|x64
		{C3C831BD-F8C3-4313-A1A3-85DEBF7E9F89}.Release|x64.Build.0 = Release|x64
		{EDB292D7-7F69-4747-A4B0-02D994D7896F}.Debug|x64.ActiveCfg = Debug|x64
		{EDB292D7-7F69-4747-A4B0-02D994D7896F}.Debug|x64.Build.0 = Debug|x64
		{EDB292D7-7F69-4747-A4B0-02D994D7896F}.Release|x64.ActiveCfg = Release|x64
		{EDB292D7-7F69-4747-A4B0-02D994D7896F}.Release|x64.Build.0 = Release|x64
	EndGlobalSection
	GlobalSection(SolutionProperties) = preSolution
		HideSolutionNode = FALSE
	EndGlobalSection
	GlobalSection(ExtensibilityGlobals) = postSolution
		SolutionGuid = {B136A6D9-39BA-4851-AB12-BF1132D87B2F}
	EndGlobalSection
EndGlobal
